
Microsoft Visual Studio Solution File, Format Version 12.00
# Visual Studio Version 16
VisualStudioVersion = 16.0.30204.135
MinimumVisualStudioVersion = 10.0.40219.1
Project("{FAE04EC0-301F-11D3-BF4B-00C04F79EFBC}") = "CSharp Algorithm study", "CSharp Algorithm study\CSharp Algorithm study.csproj", "{914D3396-7E66-494B-AF09-577619972643}"
EndProject
Global
	GlobalSection(SolutionConfigurationPlatforms) = preSolution
		Debug|Any CPU = Debug|Any CPU
		Release|Any CPU = Release|Any CPU
	EndGlobalSection
	GlobalSection(ProjectConfigurationPlatforms) = postSolution
		{914D3396-7E66-494B-AF09-577619972643}.Debug|Any CPU.ActiveCfg = Debug|Any CPU
		{914D3396-7E66-494B-AF09-577619972643}.Debug|Any CPU.Build.0 = Debug|Any CPU
		{914D3396-7E66-494B-AF09-577619972643}.Release|Any CPU.ActiveCfg = Release|Any CPU
		{914D3396-7E66-494B-AF09-577619972643}.Release|Any CPU.Build.0 = Release|Any CPU
	EndGlobalSection
	GlobalSection(SolutionProperties) = preSolution
		HideSolutionNode = FALSE
	EndGlobalSection
	GlobalSection(ExtensibilityGlobals) = postSolution
		SolutionGuid = {5D9D8F00-114E-48AC-9C3E-320BC0D305C4}
	EndGlobalSection
EndGlobal
